
Microsoft Visual Studio Solution File, Format Version 12.00
# Visual Studio Version 17
VisualStudioVersion = 17.7.34024.191
MinimumVisualStudioVersion = 10.0.40219.1
Project("{FAE04EC0-301F-11D3-BF4B-00C04F79EFBC}") = "ApiAuthentication", "ApiAuthentication\ApiAuthentication.csproj", "{7708F604-B0FD-4B00-AEF8-6496727E2AC1}"
EndProject
Global
	GlobalSection(SolutionConfigurationPlatforms) = preSolution
		Debug|Any CPU = Debug|Any CPU
		Release|Any CPU = Release|Any CPU
	EndGlobalSection
	GlobalSection(ProjectConfigurationPlatforms) = postSolution
		{7708F604-B0FD-4B00-AEF8-6496727E2AC1}.Debug|Any CPU.ActiveCfg = Debug|Any CPU
		{7708F604-B0FD-4B00-AEF8-6496727E2AC1}.Debug|Any CPU.Build.0 = Debug|Any CPU
		{7708F604-B0FD-4B00-AEF8-6496727E2AC1}.Release|Any CPU.ActiveCfg = Release|Any CPU
		{7708F604-B0FD-4B00-AEF8-6496727E2AC1}.Release|Any CPU.Build.0 = Release|Any CPU
	EndGlobalSection
	GlobalSection(SolutionProperties) = preSolution
		HideSolutionNode = FALSE
	EndGlobalSection
	GlobalSection(ExtensibilityGlobals) = postSolution
		SolutionGuid = {B5B3F1E9-E931-4FA5-AE3F-CDE751D87872}
	EndGlobalSection
EndGlobal
